schema: '2.0'
stages:
  parse:
    cmd: python nlp_index/parse.py
    deps:
    - path: nlp_index/parse.py
      hash: md5
      md5: 45109ae93791747d2358fb27e478d318
      size: 1525
    outs:
    - path: data/prepared/messages.json
      hash: md5
      md5: 3e8ce597f10fc116bbb371d2b051204c
      size: 13336136
  index:
    cmd: python nlp_index/index.py
    deps:
    - path: data/prepared/messages.json
      hash: md5
      md5: 3e8ce597f10fc116bbb371d2b051204c
      size: 13336136
    - path: nlp_index/index.py
      hash: md5
      md5: 3559bcdcf1da05b25aedd47a1cdcb346
      size: 904
